
Microsoft Visual Studio Solution File, Format Version 12.00
# Visual Studio 15
VisualStudioVersion = 15.0.28307.168
MinimumVisualStudioVersion = 10.0.40219.1
Project("{2150E333-8FDC-42A3-9474-1A3956D46DE8}") = "Host", "Host", "{EFD69D47-A89C-465C-A84D-288C72FBF0D6}"
EndProject
Project("{FAE04EC0-301F-11D3-BF4B-00C04F79EFBC}") = "Template1.Host", "Template1\Template1.Host\Template1.Host.csproj", "{3E1DB09E-B4CC-4E7D-966D-25C795A10B97}"
EndProject
Project("{2150E333-8FDC-42A3-9474-1A3956D46DE8}") = "Test", "Test", "{19389100-0908-480E-A6A2-A5A9F2479D18}"
EndProject
Project("{FAE04EC0-301F-11D3-BF4B-00C04F79EFBC}") = "Template1.Host.Test", "Template1\Template1.Host.Test\Template1.Host.Test.csproj", "{401EBAEC-C1C2-4C9A-84A3-727BBF1B46A6}"
EndProject
Project("{2150E333-8FDC-42A3-9474-1A3956D46DE8}") = "Common", "Common", "{AD6D3815-816C-41EF-884D-B00F4287CFEF}"
EndProject
Project("{FAE04EC0-301F-11D3-BF4B-00C04F79EFBC}") = "Template1.Common", "Template1\Template1.Common\Template1.Common.csproj", "{613DDA20-FE10-4BE8-900B-1246FD31F0BA}"
EndProject
Project("{2150E333-8FDC-42A3-9474-1A3956D46DE8}") = "Contract", "Contract", "{A9A3DFC9-9982-4645-969D-D13A3E3AC9D4}"
EndProject
Project("{FAE04EC0-301F-11D3-BF4B-00C04F79EFBC}") = "Template1.Contract", "Template1\Template1.Contract\Template1.Contract.csproj", "{6118B62C-EEF4-4A61-BAAB-F8FEC0A462CD}"
EndProject
Project("{FAE04EC0-301F-11D3-BF4B-00C04F79EFBC}") = "Template1.Provider.Contract", "Template1\Template1.Provider.Contract\Template1.Provider.Contract.csproj", "{423C2E87-407B-42EF-885B-47C57A5EA468}"
EndProject
Project("{2150E333-8FDC-42A3-9474-1A3956D46DE8}") = "Repository", "Repository", "{17079D45-B6D9-4042-9DAF-32ED01E4573A}"
EndProject
Project("{FAE04EC0-301F-11D3-BF4B-00C04F79EFBC}") = "Template1.Entity", "Template1\Template1.Entity\Template1.Entity.csproj", "{F4CCF007-D4B8-4E2A-9E6D-52E972B09F8F}"
EndProject
Project("{FAE04EC0-301F-11D3-BF4B-00C04F79EFBC}") = "Template1.EntityFrameworkCore", "Template1\Template1.EntityFrameworkCore\Template1.EntityFrameworkCore.csproj", "{374B1B59-5A9C-4C0D-A157-E9E806E82900}"
EndProject
Project("{FAE04EC0-301F-11D3-BF4B-00C04F79EFBC}") = "Template1.Repository", "Template1\Template1.Repository\Template1.Repository.csproj", "{BD37EEDC-422F-454A-BB3E-CD03D83393EB}"
EndProject
Project("{2150E333-8FDC-42A3-9474-1A3956D46DE8}") = "Service", "Service", "{3E22ADE7-271B-48E1-9E20-38D2142AC002}"
EndProject
Project("{FAE04EC0-301F-11D3-BF4B-00C04F79EFBC}") = "Template1.Service", "Template1\Template1.Service\Template1.Service.csproj", "{73D67E48-96FB-4934-9657-C7D2DDCC52D7}"
EndProject
Project("{2150E333-8FDC-42A3-9474-1A3956D46DE8}") = "Provider", "Provider", "{F37A579B-3D80-4DE1-837E-5B5C3ABAF529}"
EndProject
Project("{FAE04EC0-301F-11D3-BF4B-00C04F79EFBC}") = "Template1.Provider", "Template1\Template1.Provider\Template1.Provider.csproj", "{9036A8AF-5CCF-4C70-850D-EB2412050C53}"
EndProject
Project("{FAE04EC0-301F-11D3-BF4B-00C04F79EFBC}") = "Template1.Provider.Proxy", "Template1\Template1.Provider.Proxy\Template1.Provider.Proxy.csproj", "{4E791445-A406-46A2-A6A4-2C76853AA24A}"
EndProject
Global
	GlobalSection(SolutionConfigurationPlatforms) = preSolution
		Debug|Any CPU = Debug|Any CPU
		Release|Any CPU = Release|Any CPU
	EndGlobalSection
	GlobalSection(ProjectConfigurationPlatforms) = postSolution
		{3E1DB09E-B4CC-4E7D-966D-25C795A10B97}.Debug|Any CPU.ActiveCfg = Debug|Any CPU
		{3E1DB09E-B4CC-4E7D-966D-25C795A10B97}.Debug|Any CPU.Build.0 = Debug|Any CPU
		{3E1DB09E-B4CC-4E7D-966D-25C795A10B97}.Release|Any CPU.ActiveCfg = Release|Any CPU
		{3E1DB09E-B4CC-4E7D-966D-25C795A10B97}.Release|Any CPU.Build.0 = Release|Any CPU
		{401EBAEC-C1C2-4C9A-84A3-727BBF1B46A6}.Debug|Any CPU.ActiveCfg = Debug|Any CPU
		{401EBAEC-C1C2-4C9A-84A3-727BBF1B46A6}.Debug|Any CPU.Build.0 = Debug|Any CPU
		{401EBAEC-C1C2-4C9A-84A3-727BBF1B46A6}.Release|Any CPU.ActiveCfg = Release|Any CPU
		{401EBAEC-C1C2-4C9A-84A3-727BBF1B46A6}.Release|Any CPU.Build.0 = Release|Any CPU
		{613DDA20-FE10-4BE8-900B-1246FD31F0BA}.Debug|Any CPU.ActiveCfg = Debug|Any CPU
		{613DDA20-FE10-4BE8-900B-1246FD31F0BA}.Debug|Any CPU.Build.0 = Debug|Any CPU
		{613DDA20-FE10-4BE8-900B-1246FD31F0BA}.Release|Any CPU.ActiveCfg = Release|Any CPU
		{613DDA20-FE10-4BE8-900B-1246FD31F0BA}.Release|Any CPU.Build.0 = Release|Any CPU
		{6118B62C-EEF4-4A61-BAAB-F8FEC0A462CD}.Debug|Any CPU.ActiveCfg = Debug|Any CPU
		{6118B62C-EEF4-4A61-BAAB-F8FEC0A462CD}.Debug|Any CPU.Build.0 = Debug|Any CPU
		{6118B62C-EEF4-4A61-BAAB-F8FEC0A462CD}.Release|Any CPU.ActiveCfg = Release|Any CPU
		{6118B62C-EEF4-4A61-BAAB-F8FEC0A462CD}.Release|Any CPU.Build.0 = Release|Any CPU
		{423C2E87-407B-42EF-885B-47C57A5EA468}.Debug|Any CPU.ActiveCfg = Debug|Any CPU
		{423C2E87-407B-42EF-885B-47C57A5EA468}.Debug|Any CPU.Build.0 = Debug|Any CPU
		{423C2E87-407B-42EF-885B-47C57A5EA468}.Release|Any CPU.ActiveCfg = Release|Any CPU
		{423C2E87-407B-42EF-885B-47C57A5EA468}.Release|Any CPU.Build.0 = Release|Any CPU
		{F4CCF007-D4B8-4E2A-9E6D-52E972B09F8F}.Debug|Any CPU.ActiveCfg = Debug|Any CPU
		{F4CCF007-D4B8-4E2A-9E6D-52E972B09F8F}.Debug|Any CPU.Build.0 = Debug|Any CPU
		{F4CCF007-D4B8-4E2A-9E6D-52E972B09F8F}.Release|Any CPU.ActiveCfg = Release|Any CPU
		{F4CCF007-D4B8-4E2A-9E6D-52E972B09F8F}.Release|Any CPU.Build.0 = Release|Any CPU
		{374B1B59-5A9C-4C0D-A157-E9E806E82900}.Debug|Any CPU.ActiveCfg = Debug|Any CPU
		{374B1B59-5A9C-4C0D-A157-E9E806E82900}.Debug|Any CPU.Build.0 = Debug|Any CPU
		{374B1B59-5A9C-4C0D-A157-E9E806E82900}.Release|Any CPU.ActiveCfg = Release|Any CPU
		{374B1B59-5A9C-4C0D-A157-E9E806E82900}.Release|Any CPU.Build.0 = Release|Any CPU
		{BD37EEDC-422F-454A-BB3E-CD03D83393EB}.Debug|Any CPU.ActiveCfg = Debug|Any CPU
		{BD37EEDC-422F-454A-BB3E-CD03D83393EB}.Debug|Any CPU.Build.0 = Debug|Any CPU
		{BD37EEDC-422F-454A-BB3E-CD03D83393EB}.Release|Any CPU.ActiveCfg = Release|Any CPU
		{BD37EEDC-422F-454A-BB3E-CD03D83393EB}.Release|Any CPU.Build.0 = Release|Any CPU
		{73D67E48-96FB-4934-9657-C7D2DDCC52D7}.Debug|Any CPU.ActiveCfg = Debug|Any CPU
		{73D67E48-96FB-4934-9657-C7D2DDCC52D7}.Debug|Any CPU.Build.0 = Debug|Any CPU
		{73D67E48-96FB-4934-9657-C7D2DDCC52D7}.Release|Any CPU.ActiveCfg = Release|Any CPU
		{73D67E48-96FB-4934-9657-C7D2DDCC52D7}.Release|Any CPU.Build.0 = Release|Any CPU
		{9036A8AF-5CCF-4C70-850D-EB2412050C53}.Debug|Any CPU.ActiveCfg = Debug|Any CPU
		{9036A8AF-5CCF-4C70-850D-EB2412050C53}.Debug|Any CPU.Build.0 = Debug|Any CPU
		{9036A8AF-5CCF-4C70-850D-EB2412050C53}.Release|Any CPU.ActiveCfg = Release|Any CPU
		{9036A8AF-5CCF-4C70-850D-EB2412050C53}.Release|Any CPU.Build.0 = Release|Any CPU
		{4E791445-A406-46A2-A6A4-2C76853AA24A}.Debug|Any CPU.ActiveCfg = Debug|Any CPU
		{4E791445-A406-46A2-A6A4-2C76853AA24A}.Debug|Any CPU.Build.0 = Debug|Any CPU
		{4E791445-A406-46A2-A6A4-2C76853AA24A}.Release|Any CPU.ActiveCfg = Release|Any CPU
		{4E791445-A406-46A2-A6A4-2C76853AA24A}.Release|Any CPU.Build.0 = Release|Any CPU
	EndGlobalSection
	GlobalSection(SolutionProperties) = preSolution
		HideSolutionNode = FALSE
	EndGlobalSection
	GlobalSection(NestedProjects) = preSolution
		{3E1DB09E-B4CC-4E7D-966D-25C795A10B97} = {EFD69D47-A89C-465C-A84D-288C72FBF0D6}
		{401EBAEC-C1C2-4C9A-84A3-727BBF1B46A6} = {19389100-0908-480E-A6A2-A5A9F2479D18}
		{613DDA20-FE10-4BE8-900B-1246FD31F0BA} = {AD6D3815-816C-41EF-884D-B00F4287CFEF}
		{6118B62C-EEF4-4A61-BAAB-F8FEC0A462CD} = {A9A3DFC9-9982-4645-969D-D13A3E3AC9D4}
		{423C2E87-407B-42EF-885B-47C57A5EA468} = {A9A3DFC9-9982-4645-969D-D13A3E3AC9D4}
		{F4CCF007-D4B8-4E2A-9E6D-52E972B09F8F} = {17079D45-B6D9-4042-9DAF-32ED01E4573A}
		{374B1B59-5A9C-4C0D-A157-E9E806E82900} = {17079D45-B6D9-4042-9DAF-32ED01E4573A}
		{BD37EEDC-422F-454A-BB3E-CD03D83393EB} = {17079D45-B6D9-4042-9DAF-32ED01E4573A}
		{73D67E48-96FB-4934-9657-C7D2DDCC52D7} = {3E22ADE7-271B-48E1-9E20-38D2142AC002}
		{9036A8AF-5CCF-4C70-850D-EB2412050C53} = {F37A579B-3D80-4DE1-837E-5B5C3ABAF529}
		{4E791445-A406-46A2-A6A4-2C76853AA24A} = {F37A579B-3D80-4DE1-837E-5B5C3ABAF529}
	EndGlobalSection
	GlobalSection(ExtensibilityGlobals) = postSolution
		SolutionGuid = {F3009A89-FD73-4E86-BFC0-AE48E4DB25DB}
	EndGlobalSection
EndGlobal
